
Microsoft Visual Studio Solution File, Format Version 12.00
# Visual Studio Version 17
VisualStudioVersion = 17.3.32804.467
MinimumVisualStudioVersion = 10.0.40219.1
Project("{FAE04EC0-301F-11D3-BF4B-00C04F79EFBC}") = "RallyRaidWebApi", "RallyRaidWebApi\RallyRaidWebApi.csproj", "{C2D70777-39E9-4F97-9D1F-19B06ABBDB83}"
EndProject
Global
	GlobalSection(SolutionConfigurationPlatforms) = preSolution
		Debug|Any CPU = Debug|Any CPU
		Release|Any CPU = Release|Any CPU
	EndGlobalSection
	GlobalSection(ProjectConfigurationPlatforms) = postSolution
		{C2D70777-39E9-4F97-9D1F-19B06ABBDB83}.Debug|Any CPU.ActiveCfg = Debug|Any CPU
		{C2D70777-39E9-4F97-9D1F-19B06ABBDB83}.Debug|Any CPU.Build.0 = Debug|Any CPU
		{C2D70777-39E9-4F97-9D1F-19B06ABBDB83}.Release|Any CPU.ActiveCfg = Release|Any CPU
		{C2D70777-39E9-4F97-9D1F-19B06ABBDB83}.Release|Any CPU.Build.0 = Release|Any CPU
	EndGlobalSection
	GlobalSection(SolutionProperties) = preSolution
		HideSolutionNode = FALSE
	EndGlobalSection
	GlobalSection(ExtensibilityGlobals) = postSolution
		SolutionGuid = {430D23B8-CBCF-46D4-B89E-B0691A09B59B}
	EndGlobalSection
EndGlobal
